
Microsoft Visual Studio Solution File, Format Version 11.00
# Visual Studio 2010
Project("{8BC9CEB8-8B4A-11D0-8D11-00A0C91BC942}") = "Example", "Example\Example.vcxproj", "{4EDDED21-A362-4CE5-A7F9-D75E2A0B1244}"
EndProject
Project("{8BC9CEB8-8B4A-11D0-8D11-00A0C91BC942}") = "ProcessB", "ProcessB\ProcessB.vcxproj", "{C5CAEC58-1754-4E3D-A640-981D1D9412A0}"
EndProject
Project("{8BC9CEB8-8B4A-11D0-8D11-00A0C91BC942}") = "ProcessA", "ProcessA\ProcessA.vcxproj", "{0E59FB63-3788-4B46-8F7F-37750EEB6886}"
EndProject
Project("{2150E333-8FDC-42A3-9474-1A3956D46DE8}") = "ProcessIPC", "ProcessIPC", "{D7DAA48B-E094-4CA0-9CD8-8916A1BA2433}"
EndProject
Global
	GlobalSection(SolutionConfigurationPlatforms) = preSolution
		Debug|Win32 = Debug|Win32
		Release|Win32 = Release|Win32
	EndGlobalSection
	GlobalSection(ProjectConfigurationPlatforms) = postSolution
		{4EDDED21-A362-4CE5-A7F9-D75E2A0B1244}.Debug|Win32.ActiveCfg = Debug|Win32
		{4EDDED21-A362-4CE5-A7F9-D75E2A0B1244}.Debug|Win32.Build.0 = Debug|Win32
		{4EDDED21-A362-4CE5-A7F9-D75E2A0B1244}.Release|Win32.ActiveCfg = Release|Win32
		{4EDDED21-A362-4CE5-A7F9-D75E2A0B1244}.Release|Win32.Build.0 = Release|Win32
		{C5CAEC58-1754-4E3D-A640-981D1D9412A0}.Debug|Win32.ActiveCfg = Debug|Win32
		{C5CAEC58-1754-4E3D-A640-981D1D9412A0}.Debug|Win32.Build.0 = Debug|Win32
		{C5CAEC58-1754-4E3D-A640-981D1D9412A0}.Release|Win32.ActiveCfg = Release|Win32
		{C5CAEC58-1754-4E3D-A640-981D1D9412A0}.Release|Win32.Build.0 = Release|Win32
		{0E59FB63-3788-4B46-8F7F-37750EEB6886}.Debug|Win32.ActiveCfg = Debug|Win32
		{0E59FB63-3788-4B46-8F7F-37750EEB6886}.Debug|Win32.Build.0 = Debug|Win32
		{0E59FB63-3788-4B46-8F7F-37750EEB6886}.Release|Win32.ActiveCfg = Release|Win32
		{0E59FB63-3788-4B46-8F7F-37750EEB6886}.Release|Win32.Build.0 = Release|Win32
	EndGlobalSection
	GlobalSection(SolutionProperties) = preSolution
		HideSolutionNode = FALSE
	EndGlobalSection
	GlobalSection(NestedProjects) = preSolution
		{0E59FB63-3788-4B46-8F7F-37750EEB6886} = {D7DAA48B-E094-4CA0-9CD8-8916A1BA2433}
		{C5CAEC58-1754-4E3D-A640-981D1D9412A0} = {D7DAA48B-E094-4CA0-9CD8-8916A1BA2433}
	EndGlobalSection
EndGlobal
