<?xml version="1.0" encoding="utf-8"?>
<Project ToolsVersion="4.0" xmlns="http://schemas.microsoft.com/developer/msbuild/2003">
  <ItemGroup>
    <Filter Include="Source Files">
      <UniqueIdentifier>{4FC737F1-C7A5-4376-A066-2A32D752A2FF}</UniqueIdentifier>
      <Extensions>cpp;cxx;c;def</Extensions>
    </Filter>
    <Filter Include="Header Files">
      <UniqueIdentifier>{93995380-89BD-4b04-88EB-625FBE52EBFB}</UniqueIdentifier>
      <Extensions>h</Extensions>
    </Filter>
    <Filter Include="Form Files">
      <UniqueIdentifier>{99349809-55BA-4b9d-BF79-8FDBB0286EB3}</UniqueIdentifier>
      <Extensions>ui</Extensions>
    </Filter>
    <Filter Include="Resource Files">
      <UniqueIdentifier>{D9D6E242-F8AF-46E4-B9FD-80ECBC20BA3E}</UniqueIdentifier>
      <Extensions>qrc;*</Extensions>
      <ParseFiles>false</ParseFiles>
    </Filter>
    <Filter Include="Generated Files">
      <UniqueIdentifier>{71ED8ED8-ACB9-4CE9-BBE1-E00B30144E11}</UniqueIdentifier>
      <Extensions>moc;h;cpp</Extensions>
      <SourceControlFiles>False</SourceControlFiles>
    </Filter>
    <Filter Include="Generated Files\Debug">
      <UniqueIdentifier>{bcb4d195-a46f-49dd-9636-67e64dbf97cf}</UniqueIdentifier>
      <Extensions>cpp;moc</Extensions>
      <SourceControlFiles>False</SourceControlFiles>
    </Filter>
    <Filter Include="Generated Files\Release">
      <UniqueIdentifier>{8c312bea-6c37-4665-9e91-00606498ad50}</UniqueIdentifier>
      <Extensions>cpp;moc</Extensions>
      <SourceControlFiles>False</SourceControlFiles>
    </Filter>
    <Filter Include="Header Files\Common">
      <UniqueIdentifier>{daf5c791-1450-4884-9108-dc311189de2f}</UniqueIdentifier>
    </Filter>
    <Filter Include="Source Files\Common">
      <UniqueIdentifier>{ee69bb99-4e68-436a-b920-291c16ca96fc}</UniqueIdentifier>
    </Filter>
    <Filter Include="Header Files\Warning">
      <UniqueIdentifier>{f0f8e0fe-8626-4ad6-aed0-e2c00c19d436}</UniqueIdentifier>
    </Filter>
    <Filter Include="Source Files\Warning">
      <UniqueIdentifier>{b6a50c57-8883-4ad9-927a-eec5633abd04}</UniqueIdentifier>
    </Filter>
    <Filter Include="Header Files\Analysis">
      <UniqueIdentifier>{23436e70-4cf2-4831-8162-29d5267b1f8c}</UniqueIdentifier>
    </Filter>
    <Filter Include="Source Files\Analysis">
      <UniqueIdentifier>{8f493b49-9840-4119-8606-8bb50f716874}</UniqueIdentifier>
    </Filter>
  </ItemGroup>
  <ItemGroup>
    <ClCompile Include="main.cpp">
      <Filter>Source Files</Filter>
    </ClCompile>
    <ClCompile Include="JiraBatchTool.cpp">
      <Filter>Source Files</Filter>
    </ClCompile>
    <ClCompile Include="GeneratedFiles\Debug\moc_JiraBatchTool.cpp">
      <Filter>Generated Files\Debug</Filter>
    </ClCompile>
    <ClCompile Include="GeneratedFiles\Release\moc_JiraBatchTool.cpp">
      <Filter>Generated Files\Release</Filter>
    </ClCompile>
    <ClCompile Include="GeneratedFiles\qrc_JiraBatchTool.cpp">
      <Filter>Generated Files</Filter>
    </ClCompile>
    <ClCompile Include="Analysis\JiraAnalysisBelongOper.cpp">
      <Filter>Source Files\Analysis</Filter>
    </ClCompile>
    <ClCompile Include="Analysis\JiraAnalysisDumpListOper.cpp">
      <Filter>Source Files\Analysis</Filter>
    </ClCompile>
    <ClCompile Include="Analysis\JiraAnalysisModuleOper.cpp">
      <Filter>Source Files\Analysis</Filter>
    </ClCompile>
    <ClCompile Include="Analysis\JiraAnalysisVersionOper.cpp">
      <Filter>Source Files\Analysis</Filter>
    </ClCompile>
    <ClCompile Include="Analysis\JiraBatchCrashInfoOper.cpp">
      <Filter>Source Files\Analysis</Filter>
    </ClCompile>
    <ClCompile Include="Warning\JiraIntelligentWaringOper.cpp">
      <Filter>Source Files\Warning</Filter>
    </ClCompile>
    <ClCompile Include="Warning\JiraIntelligentWaringPython.cpp">
      <Filter>Source Files\Warning</Filter>
    </ClCompile>
    <ClCompile Include="Warning\JiraIntelligentWaringThread.cpp">
      <Filter>Source Files\Warning</Filter>
    </ClCompile>
    <ClCompile Include="GeneratedFiles\Debug\moc_JiraIntelligentWaringThread.cpp">
      <Filter>Generated Files\Debug</Filter>
    </ClCompile>
    <ClCompile Include="GeneratedFiles\Release\moc_JiraIntelligentWaringThread.cpp">
      <Filter>Generated Files\Release</Filter>
    </ClCompile>
    <ClCompile Include="Common\TestCommon.cpp">
      <Filter>Source Files\Common</Filter>
    </ClCompile>
    <ClCompile Include="Analysis\JiraAnalysisPythonOper.cpp">
      <Filter>Source Files\Analysis</Filter>
    </ClCompile>
    <ClCompile Include="Warning\JiraIntelligentWaringOutputHtml.cpp">
      <Filter>Source Files\Warning</Filter>
    </ClCompile>
    <ClCompile Include="Common\JiraUserCustomSetting.cpp">
      <Filter>Source Files\Common</Filter>
    </ClCompile>
  </ItemGroup>
  <ItemGroup>
    <CustomBuild Include="JiraBatchTool.qrc">
      <Filter>Resource Files</Filter>
    </CustomBuild>
    <CustomBuild Include="JiraBatchTool.h">
      <Filter>Header Files</Filter>
    </CustomBuild>
    <CustomBuild Include="Warning\JiraIntelligentWaringThread.h">
      <Filter>Header Files\Warning</Filter>
    </CustomBuild>
  </ItemGroup>
  <ItemGroup>
    <ClInclude Include="Analysis\JiraAnalysisBelongOper.h">
      <Filter>Header Files\Analysis</Filter>
    </ClInclude>
    <ClInclude Include="Analysis\JiraAnalysisDumpListOper.h">
      <Filter>Header Files\Analysis</Filter>
    </ClInclude>
    <ClInclude Include="Analysis\JiraAnalysisModuleOper.h">
      <Filter>Header Files\Analysis</Filter>
    </ClInclude>
    <ClInclude Include="Analysis\JiraAnalysisVersionOper.h">
      <Filter>Header Files\Analysis</Filter>
    </ClInclude>
    <ClInclude Include="Analysis\JiraBatchCrashInfoOper.h">
      <Filter>Header Files\Analysis</Filter>
    </ClInclude>
    <ClInclude Include="Warning\JiraIntelligentWaringOper.h">
      <Filter>Header Files\Warning</Filter>
    </ClInclude>
    <ClInclude Include="Warning\JiraIntelligentWaringPython.h">
      <Filter>Header Files\Warning</Filter>
    </ClInclude>
    <ClInclude Include="Common\JiraConsts.h">
      <Filter>Header Files\Common</Filter>
    </ClInclude>
    <ClInclude Include="Common\TestCommon.h">
      <Filter>Header Files\Common</Filter>
    </ClInclude>
    <ClInclude Include="analysis\JiraAnalysisPythonOper.h">
      <Filter>Header Files\Analysis</Filter>
    </ClInclude>
    <ClInclude Include="Warning\JiraIntelligentWaringOutputHtml.h">
      <Filter>Header Files\Warning</Filter>
    </ClInclude>
    <ClInclude Include="Common\JiraUserCustomSetting.h">
      <Filter>Header Files\Common</Filter>
    </ClInclude>
  </ItemGroup>
</Project>