
Microsoft Visual Studio Solution File, Format Version 11.00
# Visual Studio 2010
Project("{54435603-DBB4-11D2-8724-00A0C9A8B90C}") = "JiraBatchTool", "JiraBatchTool\JiraBatchTool.vdproj", "{DEF879AA-F8FF-4A5A-B220-78C708FB2C5F}"
EndProject
Global
	GlobalSection(SolutionConfigurationPlatforms) = preSolution
		Debug|Default = Debug|Default
		Release|Default = Release|Default
	EndGlobalSection
	GlobalSection(ProjectConfigurationPlatforms) = postSolution
		{DEF879AA-F8FF-4A5A-B220-78C708FB2C5F}.Debug|Default.ActiveCfg = Debug
		{DEF879AA-F8FF-4A5A-B220-78C708FB2C5F}.Debug|Default.Build.0 = Debug
		{DEF879AA-F8FF-4A5A-B220-78C708FB2C5F}.Release|Default.ActiveCfg = Release
		{DEF879AA-F8FF-4A5A-B220-78C708FB2C5F}.Release|Default.Build.0 = Release
	EndGlobalSection
	GlobalSection(SolutionProperties) = preSolution
		HideSolutionNode = FALSE
	EndGlobalSection
EndGlobal
